
Microsoft Visual Studio Solution File, Format Version 12.00
# Visual Studio 15
VisualStudioVersion = 15.0.28010.0
MinimumVisualStudioVersion = 10.0.40219.1
Project("{FAE04EC0-301F-11D3-BF4B-00C04F79EFBC}") = "CheckBox", "CheckBox\CheckBox.csproj", "{36C27255-0BB9-4084-B59F-56DAB171398B}"
EndProject
Global
	GlobalSection(SolutionConfigurationPlatforms) = preSolution
		Debug|Any CPU = Debug|Any CPU
		Release|Any CPU = Release|Any CPU
	EndGlobalSection
	GlobalSection(ProjectConfigurationPlatforms) = postSolution
		{36C27255-0BB9-4084-B59F-56DAB171398B}.Debug|Any CPU.ActiveCfg = Debug|Any CPU
		{36C27255-0BB9-4084-B59F-56DAB171398B}.Debug|Any CPU.Build.0 = Debug|Any CPU
		{36C27255-0BB9-4084-B59F-56DAB171398B}.Release|Any CPU.ActiveCfg = Release|Any CPU
		{36C27255-0BB9-4084-B59F-56DAB171398B}.Release|Any CPU.Build.0 = Release|Any CPU
	EndGlobalSection
	GlobalSection(SolutionProperties) = preSolution
		HideSolutionNode = FALSE
	EndGlobalSection
	GlobalSection(ExtensibilityGlobals) = postSolution
		SolutionGuid = {20D050C2-E907-4F6B-A591-5DCF8100C982}
	EndGlobalSection
EndGlobal
